<?xml version="1.0" encoding="utf-8"?>
<Project ToolsVersion="4.0" xmlns="http://schemas.microsoft.com/developer/msbuild/2003">
  <ItemGroup>
    <Filter Include="Source files">
      <UniqueIdentifier>{29d73b4d-c892-4027-9de1-98b39b95cef5}</UniqueIdentifier>
      <Extensions>cpp;c;cc;cxx;def;odl;idl;hpj;bat;asm;asmx</Extensions>
    </Filter>
    <Filter Include="Header files">
      <UniqueIdentifier>{8aad57c4-0aad-403b-92bc-ca7a6b41369e}</UniqueIdentifier>
      <Extensions>h;hpp;hxx;hm;inl;inc;xsd</Extensions>
    </Filter>
    <Filter Include="Resource files">
      <UniqueIdentifier>{d28a0d5f-73fc-497d-b07f-7c8388c7f4d8}</UniqueIdentifier>
      <Extensions>rc;ico;cur;bmp;dlg;rc2;rct;bin;rgs;gif;jpg;jpeg;jpe;resx;tiff;tif;png;wav</Extensions>
    </Filter>
    <Filter Include="Make files">
      <UniqueIdentifier>{04e8689e-f895-4193-a3e0-f46b881d12b2}</UniqueIdentifier>
      <Extensions>*.mak</Extensions>
    </Filter>
  </ItemGroup>
  <ItemGroup>
    <ClCompile Include="nrf24l01\nrf24.c">
      <Filter>Source files</Filter>
    </ClCompile>
    <ClCompile Include="nrf24l01\radioPinFunctions.c">
      <Filter>Source files</Filter>
    </ClCompile>
    <ClCompile Include="rPiRx.c">
      <Filter>Source files</Filter>
    </ClCompile>
  </ItemGroup>
  <ItemGroup>
    <None Include="Makefile" />
    <None Include="debug.mak">
      <Filter>Make files</Filter>
    </None>
    <None Include="release.mak">
      <Filter>Make files</Filter>
    </None>
  </ItemGroup>
  <ItemGroup>
    <ClInclude Include="nrf24l01\nrf24.h">
      <Filter>Header files</Filter>
    </ClInclude>
    <ClInclude Include="nrf24l01\nRF24L01.h">
      <Filter>Header files</Filter>
    </ClInclude>
  </ItemGroup>
</Project>